
Microsoft Visual Studio Solution File, Format Version 12.00
# Visual Studio Version 17
VisualStudioVersion = 17.6.33723.286
MinimumVisualStudioVersion = 10.0.40219.1
Project("{FAE04EC0-301F-11D3-BF4B-00C04F79EFBC}") = "WebAppCoreProduct", "WebAppCoreProduct.csproj", "{09FC3429-D38B-4B3E-9EB7-51C5E28F4714}"
EndProject
Global
	GlobalSection(SolutionConfigurationPlatforms) = preSolution
		Debug|Any CPU = Debug|Any CPU
		Release|Any CPU = Release|Any CPU
	EndGlobalSection
	GlobalSection(ProjectConfigurationPlatforms) = postSolution
		{09FC3429-D38B-4B3E-9EB7-51C5E28F4714}.Debug|Any CPU.ActiveCfg = Debug|Any CPU
		{09FC3429-D38B-4B3E-9EB7-51C5E28F4714}.Debug|Any CPU.Build.0 = Debug|Any CPU
		{09FC3429-D38B-4B3E-9EB7-51C5E28F4714}.Release|Any CPU.ActiveCfg = Release|Any CPU
		{09FC3429-D38B-4B3E-9EB7-51C5E28F4714}.Release|Any CPU.Build.0 = Release|Any CPU
	EndGlobalSection
	GlobalSection(SolutionProperties) = preSolution
		HideSolutionNode = FALSE
	EndGlobalSection
	GlobalSection(ExtensibilityGlobals) = postSolution
		SolutionGuid = {15B4303D-2BFC-4FFC-AB7A-23CBAF0F82D4}
	EndGlobalSection
EndGlobal
